
Microsoft Visual Studio Solution File, Format Version 12.00
# Visual Studio 15
VisualStudioVersion = 15.0.27703.1
MinimumVisualStudioVersion = 10.0.40219.1
Project("{FAE04EC0-301F-11D3-BF4B-00C04F79EFBC}") = "THUOCBAC", "THUOCBAC\THUOCBAC.csproj", "{2EB7AF7F-863D-4E44-8F39-AFA2FF3F242C}"
EndProject
Project("{FAE04EC0-301F-11D3-BF4B-00C04F79EFBC}") = "DataAccessObject", "DataAccessObject\DataAccessObject.csproj", "{87302E4F-547D-4865-8D09-E75A851DA706}"
EndProject
Project("{FAE04EC0-301F-11D3-BF4B-00C04F79EFBC}") = "BusinessLogic", "BusinessLogic\BusinessLogic.csproj", "{BEF8070A-2A08-41DF-B368-1F279B970621}"
EndProject
Project("{FAE04EC0-301F-11D3-BF4B-00C04F79EFBC}") = "FValueObject", "FValueObject\FValueObject.csproj", "{3CDFD4AF-4543-45AC-A996-56F7706D95C4}"
EndProject
Project("{FAE04EC0-301F-11D3-BF4B-00C04F79EFBC}") = "DrugNorthQT", "DrugNorthQT\DrugNorthQT.csproj", "{C5BB24D6-26DA-4545-9D6D-F6540D026545}"
EndProject
Project("{2150E333-8FDC-42A3-9474-1A3956D46DE8}") = "Shares", "Shares", "{942FC427-97D7-4FEE-8F53-51B5DE365834}"
EndProject
Project("{FAE04EC0-301F-11D3-BF4B-00C04F79EFBC}") = "Login", "Login\Login.csproj", "{9B566635-E65F-483F-98A2-615EE9637B83}"
EndProject
Project("{FAE04EC0-301F-11D3-BF4B-00C04F79EFBC}") = "WindowStyle", "WindowStyle\WindowStyle.csproj", "{F25B923A-614F-4D42-8D0B-513548178889}"
EndProject
Project("{FAE04EC0-301F-11D3-BF4B-00C04F79EFBC}") = "QTTool", "QTTool\QTTool.csproj", "{1E7A78A1-1E33-4D55-845F-81D995E4D7CD}"
EndProject
Project("{FAE04EC0-301F-11D3-BF4B-00C04F79EFBC}") = "CustomMessageBox", "CustomMessageBox\CustomMessageBox.csproj", "{E57FADB7-E705-46FA-873B-64833895DE4E}"
EndProject
Global
	GlobalSection(SolutionConfigurationPlatforms) = preSolution
		Debug|Any CPU = Debug|Any CPU
		Release|Any CPU = Release|Any CPU
	EndGlobalSection
	GlobalSection(ProjectConfigurationPlatforms) = postSolution
		{2EB7AF7F-863D-4E44-8F39-AFA2FF3F242C}.Debug|Any CPU.ActiveCfg = Debug|Any CPU
		{2EB7AF7F-863D-4E44-8F39-AFA2FF3F242C}.Debug|Any CPU.Build.0 = Debug|Any CPU
		{2EB7AF7F-863D-4E44-8F39-AFA2FF3F242C}.Release|Any CPU.ActiveCfg = Release|Any CPU
		{2EB7AF7F-863D-4E44-8F39-AFA2FF3F242C}.Release|Any CPU.Build.0 = Release|Any CPU
		{87302E4F-547D-4865-8D09-E75A851DA706}.Debug|Any CPU.ActiveCfg = Debug|Any CPU
		{87302E4F-547D-4865-8D09-E75A851DA706}.Debug|Any CPU.Build.0 = Debug|Any CPU
		{87302E4F-547D-4865-8D09-E75A851DA706}.Release|Any CPU.ActiveCfg = Release|Any CPU
		{87302E4F-547D-4865-8D09-E75A851DA706}.Release|Any CPU.Build.0 = Release|Any CPU
		{BEF8070A-2A08-41DF-B368-1F279B970621}.Debug|Any CPU.ActiveCfg = Debug|Any CPU
		{BEF8070A-2A08-41DF-B368-1F279B970621}.Debug|Any CPU.Build.0 = Debug|Any CPU
		{BEF8070A-2A08-41DF-B368-1F279B970621}.Release|Any CPU.ActiveCfg = Release|Any CPU
		{BEF8070A-2A08-41DF-B368-1F279B970621}.Release|Any CPU.Build.0 = Release|Any CPU
		{3CDFD4AF-4543-45AC-A996-56F7706D95C4}.Debug|Any CPU.ActiveCfg = Debug|Any CPU
		{3CDFD4AF-4543-45AC-A996-56F7706D95C4}.Debug|Any CPU.Build.0 = Debug|Any CPU
		{3CDFD4AF-4543-45AC-A996-56F7706D95C4}.Release|Any CPU.ActiveCfg = Release|Any CPU
		{3CDFD4AF-4543-45AC-A996-56F7706D95C4}.Release|Any CPU.Build.0 = Release|Any CPU
		{C5BB24D6-26DA-4545-9D6D-F6540D026545}.Debug|Any CPU.ActiveCfg = Debug|Any CPU
		{C5BB24D6-26DA-4545-9D6D-F6540D026545}.Debug|Any CPU.Build.0 = Debug|Any CPU
		{C5BB24D6-26DA-4545-9D6D-F6540D026545}.Release|Any CPU.ActiveCfg = Release|Any CPU
		{C5BB24D6-26DA-4545-9D6D-F6540D026545}.Release|Any CPU.Build.0 = Release|Any CPU
		{9B566635-E65F-483F-98A2-615EE9637B83}.Debug|Any CPU.ActiveCfg = Debug|Any CPU
		{9B566635-E65F-483F-98A2-615EE9637B83}.Debug|Any CPU.Build.0 = Debug|Any CPU
		{9B566635-E65F-483F-98A2-615EE9637B83}.Release|Any CPU.ActiveCfg = Release|Any CPU
		{9B566635-E65F-483F-98A2-615EE9637B83}.Release|Any CPU.Build.0 = Release|Any CPU
		{F25B923A-614F-4D42-8D0B-513548178889}.Debug|Any CPU.ActiveCfg = Debug|Any CPU
		{F25B923A-614F-4D42-8D0B-513548178889}.Debug|Any CPU.Build.0 = Debug|Any CPU
		{F25B923A-614F-4D42-8D0B-513548178889}.Release|Any CPU.ActiveCfg = Release|Any CPU
		{F25B923A-614F-4D42-8D0B-513548178889}.Release|Any CPU.Build.0 = Release|Any CPU
		{1E7A78A1-1E33-4D55-845F-81D995E4D7CD}.Debug|Any CPU.ActiveCfg = Debug|Any CPU
		{1E7A78A1-1E33-4D55-845F-81D995E4D7CD}.Debug|Any CPU.Build.0 = Debug|Any CPU
		{1E7A78A1-1E33-4D55-845F-81D995E4D7CD}.Release|Any CPU.ActiveCfg = Release|Any CPU
		{1E7A78A1-1E33-4D55-845F-81D995E4D7CD}.Release|Any CPU.Build.0 = Release|Any CPU
		{E57FADB7-E705-46FA-873B-64833895DE4E}.Debug|Any CPU.ActiveCfg = Debug|Any CPU
		{E57FADB7-E705-46FA-873B-64833895DE4E}.Debug|Any CPU.Build.0 = Debug|Any CPU
		{E57FADB7-E705-46FA-873B-64833895DE4E}.Release|Any CPU.ActiveCfg = Release|Any CPU
		{E57FADB7-E705-46FA-873B-64833895DE4E}.Release|Any CPU.Build.0 = Release|Any CPU
	EndGlobalSection
	GlobalSection(SolutionProperties) = preSolution
		HideSolutionNode = FALSE
	EndGlobalSection
	GlobalSection(NestedProjects) = preSolution
		{9B566635-E65F-483F-98A2-615EE9637B83} = {942FC427-97D7-4FEE-8F53-51B5DE365834}
		{F25B923A-614F-4D42-8D0B-513548178889} = {942FC427-97D7-4FEE-8F53-51B5DE365834}
		{1E7A78A1-1E33-4D55-845F-81D995E4D7CD} = {942FC427-97D7-4FEE-8F53-51B5DE365834}
		{E57FADB7-E705-46FA-873B-64833895DE4E} = {942FC427-97D7-4FEE-8F53-51B5DE365834}
	EndGlobalSection
	GlobalSection(ExtensibilityGlobals) = postSolution
		SolutionGuid = {2EC69F73-1C3B-4529-8537-C87B63659BFB}
	EndGlobalSection
EndGlobal
