
Microsoft Visual Studio Solution File, Format Version 12.00
# Visual Studio 2013
VisualStudioVersion = 12.0.21005.1
MinimumVisualStudioVersion = 10.0.40219.1
Project("{FAE04EC0-301F-11D3-BF4B-00C04F79EFBC}") = "THUOCBAC", "THUOCBAC\THUOCBAC.csproj", "{2EB7AF7F-863D-4E44-8F39-AFA2FF3F242C}"
EndProject
Project("{FAE04EC0-301F-11D3-BF4B-00C04F79EFBC}") = "DataAccessObject", "DataAccessObject\DataAccessObject.csproj", "{87302E4F-547D-4865-8D09-E75A851DA706}"
EndProject
Project("{FAE04EC0-301F-11D3-BF4B-00C04F79EFBC}") = "BusinessLogic", "BusinessLogic\BusinessLogic.csproj", "{BEF8070A-2A08-41DF-B368-1F279B970621}"
EndProject
Project("{FAE04EC0-301F-11D3-BF4B-00C04F79EFBC}") = "FValueObject", "FValueObject\FValueObject.csproj", "{3CDFD4AF-4543-45AC-A996-56F7706D95C4}"
EndProject
Global
	GlobalSection(SolutionConfigurationPlatforms) = preSolution
		Debug|Any CPU = Debug|Any CPU
		Release|Any CPU = Release|Any CPU
	EndGlobalSection
	GlobalSection(ProjectConfigurationPlatforms) = postSolution
		{2EB7AF7F-863D-4E44-8F39-AFA2FF3F242C}.Debug|Any CPU.ActiveCfg = Debug|Any CPU
		{2EB7AF7F-863D-4E44-8F39-AFA2FF3F242C}.Debug|Any CPU.Build.0 = Debug|Any CPU
		{2EB7AF7F-863D-4E44-8F39-AFA2FF3F242C}.Release|Any CPU.ActiveCfg = Release|Any CPU
		{2EB7AF7F-863D-4E44-8F39-AFA2FF3F242C}.Release|Any CPU.Build.0 = Release|Any CPU
		{87302E4F-547D-4865-8D09-E75A851DA706}.Debug|Any CPU.ActiveCfg = Debug|Any CPU
		{87302E4F-547D-4865-8D09-E75A851DA706}.Debug|Any CPU.Build.0 = Debug|Any CPU
		{87302E4F-547D-4865-8D09-E75A851DA706}.Release|Any CPU.ActiveCfg = Release|Any CPU
		{87302E4F-547D-4865-8D09-E75A851DA706}.Release|Any CPU.Build.0 = Release|Any CPU
		{BEF8070A-2A08-41DF-B368-1F279B970621}.Debug|Any CPU.ActiveCfg = Debug|Any CPU
		{BEF8070A-2A08-41DF-B368-1F279B970621}.Debug|Any CPU.Build.0 = Debug|Any CPU
		{BEF8070A-2A08-41DF-B368-1F279B970621}.Release|Any CPU.ActiveCfg = Release|Any CPU
		{BEF8070A-2A08-41DF-B368-1F279B970621}.Release|Any CPU.Build.0 = Release|Any CPU
		{3CDFD4AF-4543-45AC-A996-56F7706D95C4}.Debug|Any CPU.ActiveCfg = Debug|Any CPU
		{3CDFD4AF-4543-45AC-A996-56F7706D95C4}.Debug|Any CPU.Build.0 = Debug|Any CPU
		{3CDFD4AF-4543-45AC-A996-56F7706D95C4}.Release|Any CPU.ActiveCfg = Release|Any CPU
		{3CDFD4AF-4543-45AC-A996-56F7706D95C4}.Release|Any CPU.Build.0 = Release|Any CPU
	EndGlobalSection
	GlobalSection(SolutionProperties) = preSolution
		HideSolutionNode = FALSE
	EndGlobalSection
EndGlobal
