
Microsoft Visual Studio Solution File, Format Version 12.00
# Visual Studio 15
VisualStudioVersion = 15.0.27703.1
MinimumVisualStudioVersion = 10.0.40219.1
Project("{FAE04EC0-301F-11D3-BF4B-00C04F79EFBC}") = "WebLogQT", "WebLogQT\WebLogQT.csproj", "{DF9C54B8-8ECC-4FEB-A61A-078EF36734ED}"
EndProject
Project("{FAE04EC0-301F-11D3-BF4B-00C04F79EFBC}") = "ModelQT", "ModelQT\ModelQT.csproj", "{6B4222AC-7B76-43F1-BC4B-BA239A0E1818}"
EndProject
Global
	GlobalSection(SolutionConfigurationPlatforms) = preSolution
		Debug|Any CPU = Debug|Any CPU
		Release|Any CPU = Release|Any CPU
	EndGlobalSection
	GlobalSection(ProjectConfigurationPlatforms) = postSolution
		{DF9C54B8-8ECC-4FEB-A61A-078EF36734ED}.Debug|Any CPU.ActiveCfg = Debug|Any CPU
		{DF9C54B8-8ECC-4FEB-A61A-078EF36734ED}.Debug|Any CPU.Build.0 = Debug|Any CPU
		{DF9C54B8-8ECC-4FEB-A61A-078EF36734ED}.Release|Any CPU.ActiveCfg = Release|Any CPU
		{DF9C54B8-8ECC-4FEB-A61A-078EF36734ED}.Release|Any CPU.Build.0 = Release|Any CPU
		{6B4222AC-7B76-43F1-BC4B-BA239A0E1818}.Debug|Any CPU.ActiveCfg = Debug|Any CPU
		{6B4222AC-7B76-43F1-BC4B-BA239A0E1818}.Debug|Any CPU.Build.0 = Debug|Any CPU
		{6B4222AC-7B76-43F1-BC4B-BA239A0E1818}.Release|Any CPU.ActiveCfg = Release|Any CPU
		{6B4222AC-7B76-43F1-BC4B-BA239A0E1818}.Release|Any CPU.Build.0 = Release|Any CPU
	EndGlobalSection
	GlobalSection(SolutionProperties) = preSolution
		HideSolutionNode = FALSE
	EndGlobalSection
	GlobalSection(ExtensibilityGlobals) = postSolution
		SolutionGuid = {467B45F6-7B58-4A45-A163-BC380BDE252F}
	EndGlobalSection
EndGlobal
